
Microsoft Visual Studio Solution File, Format Version 12.00
# Visual Studio Version 16
VisualStudioVersion = 16.0.30114.105
MinimumVisualStudioVersion = 10.0.40219.1
Project("{8BC9CEB8-8B4A-11D0-8D11-00A0C91BC942}") = "lab4", "lab4.vcxproj", "{FFD9E575-DF61-4AEB-8720-610A60401EBD}"
EndProject
Global
	GlobalSection(SolutionConfigurationPlatforms) = preSolution
		Debug|x64 = Debug|x64
		Debug|x86 = Debug|x86
		Release|x64 = Release|x64
		Release|x86 = Release|x86
	EndGlobalSection
	GlobalSection(ProjectConfigurationPlatforms) = postSolution
		{FFD9E575-DF61-4AEB-8720-610A60401EBD}.Debug|x64.ActiveCfg = Debug|x64
		{FFD9E575-DF61-4AEB-8720-610A60401EBD}.Debug|x64.Build.0 = Debug|x64
		{FFD9E575-DF61-4AEB-8720-610A60401EBD}.Debug|x86.ActiveCfg = Debug|Win32
		{FFD9E575-DF61-4AEB-8720-610A60401EBD}.Debug|x86.Build.0 = Debug|Win32
		{FFD9E575-DF61-4AEB-8720-610A60401EBD}.Release|x64.ActiveCfg = Release|x64
		{FFD9E575-DF61-4AEB-8720-610A60401EBD}.Release|x64.Build.0 = Release|x64
		{FFD9E575-DF61-4AEB-8720-610A60401EBD}.Release|x86.ActiveCfg = Release|Win32
		{FFD9E575-DF61-4AEB-8720-610A60401EBD}.Release|x86.Build.0 = Release|Win32
	EndGlobalSection
	GlobalSection(SolutionProperties) = preSolution
		HideSolutionNode = FALSE
	EndGlobalSection
	GlobalSection(ExtensibilityGlobals) = postSolution
		SolutionGuid = {EBC33FDA-C433-4735-AF9C-70C3783692C5}
	EndGlobalSection
EndGlobal
